PODS:
  - AFNetworking (2.5.4):
    - AFNetworking/NSURLConnection (= 2.5.4)
    - AFNetworking/NSURLSession (= 2.5.4)
    - AFNetworking/Reachability (= 2.5.4)
    - AFNetworking/Security (= 2.5.4)
    - AFNetworking/Serialization (= 2.5.4)
    - AFNetworking/UIKit (= 2.5.4)
  - AFNetworking/NSURLConnection (2.5.4):
    - AFNetworking/Reachability
    - AFNetworking/Security
    - AFNetworking/Serialization
  - AFNetworking/NSURLSession (2.5.4):
    - AFNetworking/Reachability
    - AFNetworking/Security
    - AFNetworking/Serialization
  - AFNetworking/Reachability (2.5.4)
  - AFNetworking/Security (2.5.4)
  - AFNetworking/Serialization (2.5.4)
  - AFNetworking/UIKit (2.5.4):
    - AFNetworking/NSURLConnection
    - AFNetworking/NSURLSession
  - Expecta (1.0.5)
  - Moyaf (0.8.2):
    - AFNetworking (~> 2.5.4)
  - Specta (1.0.6)

DEPENDENCIES:
  - Expecta
  - Moyaf (from `../`)
  - Specta

EXTERNAL SOURCES:
  Moyaf:
    :path: ../

SPEC CHECKSUMS:
  AFNetworking: 05edc0ac4c4c8cf57bcf4b84be5b0744b6d8e71e
  Expecta: e1c022fcd33910b6be89c291d2775b3fe27a89fe
  Moyaf: d37de89168419342fb17946b0d97c26925ac3001
  Specta: f506f3a8361de16bc0dcf3b17b75e269072ba465

PODFILE CHECKSUM: 1e501e96dfc1b6e22600bb9cab05b4b3b284fbc3

COCOAPODS: 1.2.0
